
Microsoft Visual Studio Solution File, Format Version 12.00
# Visual Studio Version 16
VisualStudioVersion = 16.0.30204.135
MinimumVisualStudioVersion = 10.0.40219.1
Project("{FAE04EC0-301F-11D3-BF4B-00C04F79EFBC}") = "CompanyWebApplication", "CompanyWebApplication\CompanyWebApplication.csproj", "{38D758B7-2EFB-41D2-AC76-CF3246B9D64F}"
EndProject
Global
	GlobalSection(SolutionConfigurationPlatforms) = preSolution
		Debug|Any CPU = Debug|Any CPU
		Release|Any CPU = Release|Any CPU
	EndGlobalSection
	GlobalSection(ProjectConfigurationPlatforms) = postSolution
		{38D758B7-2EFB-41D2-AC76-CF3246B9D64F}.Debug|Any CPU.ActiveCfg = Debug|Any CPU
		{38D758B7-2EFB-41D2-AC76-CF3246B9D64F}.Debug|Any CPU.Build.0 = Debug|Any CPU
		{38D758B7-2EFB-41D2-AC76-CF3246B9D64F}.Release|Any CPU.ActiveCfg = Release|Any CPU
		{38D758B7-2EFB-41D2-AC76-CF3246B9D64F}.Release|Any CPU.Build.0 = Release|Any CPU
	EndGlobalSection
	GlobalSection(SolutionProperties) = preSolution
		HideSolutionNode = FALSE
	EndGlobalSection
	GlobalSection(ExtensibilityGlobals) = postSolution
		SolutionGuid = {8D85844F-C850-4B64-B6B7-70D58D0494CD}
	EndGlobalSection
EndGlobal
